
Microsoft Visual Studio Solution File, Format Version 12.00
# Visual Studio Version 17
VisualStudioVersion = 17.9.34622.214
MinimumVisualStudioVersion = 10.0.40219.1
Project("{FAE04EC0-301F-11D3-BF4B-00C04F79EFBC}") = "RepositoryPattern", "RepositoryPattern.csproj", "{6640F7BA-3928-42C0-8004-5C11FA5C8147}"
EndProject
Project("{00D1A9C2-B5F0-4AF3-8072-F6C62B433612}") = "RepositoryPattern.Database", "..\RepositoryPattern.Database\RepositoryPattern.Database.sqlproj", "{9539F8C6-73D0-41F5-9B1B-97EFD81C5778}"
EndProject
Global
	GlobalSection(SolutionConfigurationPlatforms) = preSolution
		Debug|Any CPU = Debug|Any CPU
		Release|Any CPU = Release|Any CPU
	EndGlobalSection
	GlobalSection(ProjectConfigurationPlatforms) = postSolution
		{6640F7BA-3928-42C0-8004-5C11FA5C8147}.Debug|Any CPU.ActiveCfg = Debug|Any CPU
		{6640F7BA-3928-42C0-8004-5C11FA5C8147}.Debug|Any CPU.Build.0 = Debug|Any CPU
		{6640F7BA-3928-42C0-8004-5C11FA5C8147}.Release|Any CPU.ActiveCfg = Release|Any CPU
		{6640F7BA-3928-42C0-8004-5C11FA5C8147}.Release|Any CPU.Build.0 = Release|Any CPU
		{9539F8C6-73D0-41F5-9B1B-97EFD81C5778}.Debug|Any CPU.ActiveCfg = Debug|Any CPU
		{9539F8C6-73D0-41F5-9B1B-97EFD81C5778}.Debug|Any CPU.Build.0 = Debug|Any CPU
		{9539F8C6-73D0-41F5-9B1B-97EFD81C5778}.Debug|Any CPU.Deploy.0 = Debug|Any CPU
		{9539F8C6-73D0-41F5-9B1B-97EFD81C5778}.Release|Any CPU.ActiveCfg = Release|Any CPU
		{9539F8C6-73D0-41F5-9B1B-97EFD81C5778}.Release|Any CPU.Build.0 = Release|Any CPU
		{9539F8C6-73D0-41F5-9B1B-97EFD81C5778}.Release|Any CPU.Deploy.0 = Release|Any CPU
	EndGlobalSection
	GlobalSection(SolutionProperties) = preSolution
		HideSolutionNode = FALSE
	EndGlobalSection
	GlobalSection(ExtensibilityGlobals) = postSolution
		SolutionGuid = {3A4D1821-ED60-43C1-B80A-7B7FD0110FB5}
	EndGlobalSection
EndGlobal
